
Microsoft Visual Studio Solution File, Format Version 12.00
# Visual Studio Version 17
VisualStudioVersion = 17.11.35312.102
MinimumVisualStudioVersion = 10.0.40219.1
Project("{FAE04EC0-301F-11D3-BF4B-00C04F79EFBC}") = "caesar", "caesar\caesar.csproj", "{F9A62F4F-E9B0-4FCE-BD2D-D9C3B59EB3E4}"
EndProject
Global
	GlobalSection(SolutionConfigurationPlatforms) = preSolution
		Debug|Any CPU = Debug|Any CPU
		Release|Any CPU = Release|Any CPU
	EndGlobalSection
	GlobalSection(ProjectConfigurationPlatforms) = postSolution
		{F9A62F4F-E9B0-4FCE-BD2D-D9C3B59EB3E4}.Debug|Any CPU.ActiveCfg = Debug|Any CPU
		{F9A62F4F-E9B0-4FCE-BD2D-D9C3B59EB3E4}.Debug|Any CPU.Build.0 = Debug|Any CPU
		{F9A62F4F-E9B0-4FCE-BD2D-D9C3B59EB3E4}.Release|Any CPU.ActiveCfg = Release|Any CPU
		{F9A62F4F-E9B0-4FCE-BD2D-D9C3B59EB3E4}.Release|Any CPU.Build.0 = Release|Any CPU
	EndGlobalSection
	GlobalSection(SolutionProperties) = preSolution
		HideSolutionNode = FALSE
	EndGlobalSection
	GlobalSection(ExtensibilityGlobals) = postSolution
		SolutionGuid = {81603AEC-8876-430C-BE75-E5EF8C52558C}
	EndGlobalSection
EndGlobal
